
Microsoft Visual Studio Solution File, Format Version 12.00
# Visual Studio Version 16
VisualStudioVersion = 16.0.29123.88
MinimumVisualStudioVersion = 10.0.40219.1
Project("{FAE04EC0-301F-11D3-BF4B-00C04F79EFBC}") = "DayOffTheWeek", "DayOffTheWeek\DayOffTheWeek.csproj", "{5CAF74E7-EBF6-42FD-B8F1-F9266C4D7A80}"
EndProject
Global
	GlobalSection(SolutionConfigurationPlatforms) = preSolution
		Debug|Any CPU = Debug|Any CPU
		Release|Any CPU = Release|Any CPU
	EndGlobalSection
	GlobalSection(ProjectConfigurationPlatforms) = postSolution
		{5CAF74E7-EBF6-42FD-B8F1-F9266C4D7A80}.Debug|Any CPU.ActiveCfg = Debug|Any CPU
		{5CAF74E7-EBF6-42FD-B8F1-F9266C4D7A80}.Debug|Any CPU.Build.0 = Debug|Any CPU
		{5CAF74E7-EBF6-42FD-B8F1-F9266C4D7A80}.Release|Any CPU.ActiveCfg = Release|Any CPU
		{5CAF74E7-EBF6-42FD-B8F1-F9266C4D7A80}.Release|Any CPU.Build.0 = Release|Any CPU
	EndGlobalSection
	GlobalSection(SolutionProperties) = preSolution
		HideSolutionNode = FALSE
	EndGlobalSection
	GlobalSection(ExtensibilityGlobals) = postSolution
		SolutionGuid = {57D4C5FC-9AC1-42A5-B0A8-02B82380C533}
	EndGlobalSection
EndGlobal
